// !$*UTF8*$!
{
 archiveVersion = 1;
 classes = {
 };
 objectVersion = 46;
 objects = {
  X000425b = {
   attributes = {
    LastUpgradeCheck = 0500;
    ORGANIZATIONNAME = LibreOffice;
   };
   buildConfigurationList = X0004265;
   compatibilityVersion = "Xcode 3.2";
   hasScannedForEncodings = 0;
   isa = PBXProject;
   knownRegions = ;
   mainGroup = X000425c;
   productRefGroup = X000425f;
   projectDirPath = ;
   projectRoot = ;
   targets = X0004261;
  };
  X000425c = {
   children = ;
   isa = PBXGroup;
   sourceTree = "<group>";
  };
  X000425d = {
   children = {
   };
   isa = PBXGroup;
   path = ;
   sourceTree = "<group>";
  };
  X0004260 = {
   children = ;
   isa = PBXGroup;
   name = Products;
   sourceTree = "<group>";
  };
  X0004261 = {
   buildConfigurationList = X0004266;
   buildPhases = ;
   buildRules = ;
   dependencies = ;
   isa = PBXNativeTarget;
   name = ;
   productName = ;
   productReference = X000425e;
   productType = ;
  };
  X0004262 = {
   isa = PBXFileReference;
   lastKnownFileType = "sourcecode.cpp.cpp";
   path = "basic/qa/cppunit/test_scanner.cxx";
  };
  X0004263 = {
   fileRef = X0004262;
   isa = PBXBuildFile;
  };
  X0004264 = {
   buildActionMask = 2147483647;
   files = ;
   isa = PBXSourcesBuildPhase;
   runOnlyForDeploymentPostprocessing = 0;
  };
 };
 rootObject = X000425b;
}