// !$*UTF8*$!
{
 archiveVersion = 1;
 classes = {
 };
 objectVersion = 46;
 objects = {
  X0004ea3 = {
   attributes = {
    LastUpgradeCheck = 0500;
    ORGANIZATIONNAME = LibreOffice;
   };
   buildConfigurationList = X0004ead;
   compatibilityVersion = "Xcode 3.2";
   hasScannedForEncodings = 0;
   isa = PBXProject;
   knownRegions = ;
   mainGroup = X0004ea4;
   productRefGroup = X0004ea7;
   projectDirPath = ;
   projectRoot = ;
   targets = X0004ea9;
  };
  X0004ea4 = {
   children = ;
   isa = PBXGroup;
   sourceTree = "<group>";
  };
  X0004ea5 = {
   children = {
   };
   isa = PBXGroup;
   path = ;
   sourceTree = "<group>";
  };
  X0004ea8 = {
   children = ;
   isa = PBXGroup;
   name = Products;
   sourceTree = "<group>";
  };
  X0004ea9 = {
   buildConfigurationList = X0004eae;
   buildPhases = ;
   buildRules = ;
   dependencies = ;
   isa = PBXNativeTarget;
   name = ;
   productName = ;
   productReference = X0004ea6;
   productType = "com.apple.product-type.something";
  };
  X0004eaa = {
   isa = PBXFileReference;
   lastKnownFileType = "sourcecode.cpp.cpp";
   path = "cpputools/source/sp2bv/sp2bv.cxx";
  };
  X0004eab = {
   fileRef = X0004eaa;
   isa = PBXBuildFile;
  };
  X0004eac = {
   buildActionMask = 2147483647;
   files = ;
   isa = PBXSourcesBuildPhase;
   runOnlyForDeploymentPostprocessing = 0;
  };
 };
 rootObject = X0004ea3;
}