// !$*UTF8*$!
{
 archiveVersion = 1;
 classes = {
 };
 objectVersion = 46;
 objects = {
  X0000977 = {
   attributes = {
    LastUpgradeCheck = 0500;
    ORGANIZATIONNAME = LibreOffice;
   };
   buildConfigurationList = X0000981;
   compatibilityVersion = "Xcode 3.2";
   hasScannedForEncodings = 0;
   isa = PBXProject;
   knownRegions = ;
   mainGroup = X0000978;
   productRefGroup = X000097b;
   projectDirPath = ;
   projectRoot = ;
   targets = X000097d;
  };
  X0000978 = {
   children = ;
   isa = PBXGroup;
   sourceTree = "<group>";
  };
  X0000979 = {
   children = {
   };
   isa = PBXGroup;
   path = ;
   sourceTree = "<group>";
  };
  X000097c = {
   children = ;
   isa = PBXGroup;
   name = Products;
   sourceTree = "<group>";
  };
  X000097d = {
   buildConfigurationList = X0000982;
   buildPhases = ;
   buildRules = ;
   dependencies = ;
   isa = PBXNativeTarget;
   name = ;
   productName = ;
   productReference = X000097a;
   productType = ;
  };
  X000097e = {
   isa = PBXFileReference;
   lastKnownFileType = "sourcecode.cpp.cpp";
   path = "vcl/qa/cppunit/bitmaprender/BitmapRenderTest.cxx";
  };
  X000097f = {
   fileRef = X000097e;
   isa = PBXBuildFile;
  };
  X0000980 = {
   buildActionMask = 2147483647;
   files = ;
   isa = PBXSourcesBuildPhase;
   runOnlyForDeploymentPostprocessing = 0;
  };
 };
 rootObject = X0000977;
}