// !$*UTF8*$!
{
 archiveVersion = 1;
 classes = {
 };
 objectVersion = 46;
 objects = {
  X0000953 = {
   attributes = {
    LastUpgradeCheck = 0500;
    ORGANIZATIONNAME = LibreOffice;
   };
   buildConfigurationList = X000095d;
   compatibilityVersion = "Xcode 3.2";
   hasScannedForEncodings = 0;
   isa = PBXProject;
   knownRegions = ;
   mainGroup = X0000954;
   productRefGroup = X0000957;
   projectDirPath = ;
   projectRoot = ;
   targets = X0000959;
  };
  X0000954 = {
   children = ;
   isa = PBXGroup;
   sourceTree = "<group>";
  };
  X0000955 = {
   children = {
   };
   isa = PBXGroup;
   path = ;
   sourceTree = "<group>";
  };
  X0000958 = {
   children = ;
   isa = PBXGroup;
   name = Products;
   sourceTree = "<group>";
  };
  X0000959 = {
   buildConfigurationList = X000095e;
   buildPhases = ;
   buildRules = ;
   dependencies = ;
   isa = PBXNativeTarget;
   name = ;
   productName = ;
   productReference = X0000956;
   productType = "com.apple.product-type.something";
  };
  X000095a = {
   isa = PBXFileReference;
   lastKnownFileType = "sourcecode.cpp.cpp";
   path = "vcl/workben/svptest.cxx";
  };
  X000095b = {
   fileRef = X000095a;
   isa = PBXBuildFile;
  };
  X000095c = {
   buildActionMask = 2147483647;
   files = ;
   isa = PBXSourcesBuildPhase;
   runOnlyForDeploymentPostprocessing = 0;
  };
 };
 rootObject = X0000953;
}