// !$*UTF8*$!
{
 archiveVersion = 1;
 classes = {
 };
 objectVersion = 46;
 objects = {
  X0004471 = {
   attributes = {
    LastUpgradeCheck = 0500;
    ORGANIZATIONNAME = LibreOffice;
   };
   buildConfigurationList = X000447b;
   compatibilityVersion = "Xcode 3.2";
   hasScannedForEncodings = 0;
   isa = PBXProject;
   knownRegions = ;
   mainGroup = X0004472;
   productRefGroup = X0004475;
   projectDirPath = ;
   projectRoot = ;
   targets = X0004477;
  };
  X0004472 = {
   children = ;
   isa = PBXGroup;
   sourceTree = "<group>";
  };
  X0004473 = {
   children = {
   };
   isa = PBXGroup;
   path = ;
   sourceTree = "<group>";
  };
  X0004476 = {
   children = ;
   isa = PBXGroup;
   name = Products;
   sourceTree = "<group>";
  };
  X0004477 = {
   buildConfigurationList = X000447c;
   buildPhases = ;
   buildRules = ;
   dependencies = ;
   isa = PBXNativeTarget;
   name = ;
   productName = ;
   productReference = X0004474;
   productType = ;
  };
  X0004478 = {
   isa = PBXFileReference;
   lastKnownFileType = "sourcecode.cpp.cpp";
   path = "comphelper/qa/unit/variadictemplates.cxx";
  };
  X0004479 = {
   fileRef = X0004478;
   isa = PBXBuildFile;
  };
  X000447a = {
   buildActionMask = 2147483647;
   files = ;
   isa = PBXSourcesBuildPhase;
   runOnlyForDeploymentPostprocessing = 0;
  };
 };
 rootObject = X0004471;
}