// !$*UTF8*$!
{
 archiveVersion = 1;
 classes = {
 };
 objectVersion = 46;
 objects = {
  X000328b = {
   attributes = {
    LastUpgradeCheck = 0500;
    ORGANIZATIONNAME = LibreOffice;
   };
   buildConfigurationList = X0003295;
   compatibilityVersion = "Xcode 3.2";
   hasScannedForEncodings = 0;
   isa = PBXProject;
   knownRegions = ;
   mainGroup = X000328c;
   productRefGroup = X000328f;
   projectDirPath = ;
   projectRoot = ;
   targets = X0003291;
  };
  X000328c = {
   children = ;
   isa = PBXGroup;
   sourceTree = "<group>";
  };
  X000328d = {
   children = {
   };
   isa = PBXGroup;
   path = ;
   sourceTree = "<group>";
  };
  X0003290 = {
   children = ;
   isa = PBXGroup;
   name = Products;
   sourceTree = "<group>";
  };
  X0003291 = {
   buildConfigurationList = X0003296;
   buildPhases = ;
   buildRules = ;
   dependencies = ;
   isa = PBXNativeTarget;
   name = ;
   productName = ;
   productReference = X000328e;
   productType = "com.apple.product-type.something";
  };
  X0003292 = {
   isa = PBXFileReference;
   lastKnownFileType = "sourcecode.cpp.cpp";
   path = "svx/source/gengal/gengal.cxx";
  };
  X0003293 = {
   fileRef = X0003292;
   isa = PBXBuildFile;
  };
  X0003294 = {
   buildActionMask = 2147483647;
   files = ;
   isa = PBXSourcesBuildPhase;
   runOnlyForDeploymentPostprocessing = 0;
  };
 };
 rootObject = X000328b;
}