// !$*UTF8*$!
{
 archiveVersion = 1;
 classes = {
 };
 objectVersion = 46;
 objects = {
  X00035a9 = {
   attributes = {
    LastUpgradeCheck = 0500;
    ORGANIZATIONNAME = LibreOffice;
   };
   buildConfigurationList = X00035b3;
   compatibilityVersion = "Xcode 3.2";
   hasScannedForEncodings = 0;
   isa = PBXProject;
   knownRegions = ;
   mainGroup = X00035aa;
   productRefGroup = X00035ad;
   projectDirPath = ;
   projectRoot = ;
   targets = X00035af;
  };
  X00035aa = {
   children = ;
   isa = PBXGroup;
   sourceTree = "<group>";
  };
  X00035ab = {
   children = {
   };
   isa = PBXGroup;
   path = ;
   sourceTree = "<group>";
  };
  X00035ae = {
   children = ;
   isa = PBXGroup;
   name = Products;
   sourceTree = "<group>";
  };
  X00035af = {
   buildConfigurationList = X00035b4;
   buildPhases = ;
   buildRules = ;
   dependencies = ;
   isa = PBXNativeTarget;
   name = ;
   productName = ;
   productReference = X00035ac;
   productType = "com.apple.product-type.something";
  };
  X00035b0 = {
   isa = PBXFileReference;
   lastKnownFileType = "sourcecode.cpp.cpp";
   path = "l10ntools/source/xrmmerge.cxx";
  };
  X00035b1 = {
   fileRef = X00035b0;
   isa = PBXBuildFile;
  };
  X00035b2 = {
   buildActionMask = 2147483647;
   files = ;
   isa = PBXSourcesBuildPhase;
   runOnlyForDeploymentPostprocessing = 0;
  };
 };
 rootObject = X00035a9;
}