// !$*UTF8*$!
{
 archiveVersion = 1;
 classes = {
 };
 objectVersion = 46;
 objects = {
  X0001d4d = {
   attributes = {
    LastUpgradeCheck = 0500;
    ORGANIZATIONNAME = LibreOffice;
   };
   buildConfigurationList = X0001d57;
   compatibilityVersion = "Xcode 3.2";
   hasScannedForEncodings = 0;
   isa = PBXProject;
   knownRegions = ;
   mainGroup = X0001d4e;
   productRefGroup = X0001d51;
   projectDirPath = ;
   projectRoot = ;
   targets = X0001d53;
  };
  X0001d4e = {
   children = ;
   isa = PBXGroup;
   sourceTree = "<group>";
  };
  X0001d4f = {
   children = {
   };
   isa = PBXGroup;
   path = ;
   sourceTree = "<group>";
  };
  X0001d52 = {
   children = ;
   isa = PBXGroup;
   name = Products;
   sourceTree = "<group>";
  };
  X0001d53 = {
   buildConfigurationList = X0001d58;
   buildPhases = ;
   buildRules = ;
   dependencies = ;
   isa = PBXNativeTarget;
   name = ;
   productName = ;
   productReference = X0001d50;
   productType = ;
  };
  X0001d54 = {
   isa = PBXFileReference;
   lastKnownFileType = "sourcecode.cpp.cpp";
   path = "sd/qa/unit/activex-controls-tests.cxx";
  };
  X0001d55 = {
   fileRef = X0001d54;
   isa = PBXBuildFile;
  };
  X0001d56 = {
   buildActionMask = 2147483647;
   files = ;
   isa = PBXSourcesBuildPhase;
   runOnlyForDeploymentPostprocessing = 0;
  };
 };
 rootObject = X0001d4d;
}