// !$*UTF8*$!
{
 archiveVersion = 1;
 classes = {
 };
 objectVersion = 46;
 objects = {
  X0003fb9 = {
   attributes = {
    LastUpgradeCheck = 0500;
    ORGANIZATIONNAME = LibreOffice;
   };
   buildConfigurationList = X0003fc3;
   compatibilityVersion = "Xcode 3.2";
   hasScannedForEncodings = 0;
   isa = PBXProject;
   knownRegions = ;
   mainGroup = X0003fba;
   productRefGroup = X0003fbd;
   projectDirPath = ;
   projectRoot = ;
   targets = X0003fbf;
  };
  X0003fba = {
   children = ;
   isa = PBXGroup;
   sourceTree = "<group>";
  };
  X0003fbb = {
   children = {
   };
   isa = PBXGroup;
   path = ;
   sourceTree = "<group>";
  };
  X0003fbe = {
   children = ;
   isa = PBXGroup;
   name = Products;
   sourceTree = "<group>";
  };
  X0003fbf = {
   buildConfigurationList = X0003fc4;
   buildPhases = ;
   buildRules = ;
   dependencies = ;
   isa = PBXNativeTarget;
   name = ;
   productName = ;
   productReference = X0003fbc;
   productType = ;
  };
  X0003fc0 = {
   isa = PBXFileReference;
   lastKnownFileType = "sourcecode.cpp.cpp";
   path = "emfio/qa/cppunit/emf/EmfImportTest.cxx";
  };
  X0003fc1 = {
   fileRef = X0003fc0;
   isa = PBXBuildFile;
  };
  X0003fc2 = {
   buildActionMask = 2147483647;
   files = ;
   isa = PBXSourcesBuildPhase;
   runOnlyForDeploymentPostprocessing = 0;
  };
 };
 rootObject = X0003fb9;
}