// !$*UTF8*$!
{
 archiveVersion = 1;
 classes = {
 };
 objectVersion = 46;
 objects = {
  X000164d = {
   attributes = {
    LastUpgradeCheck = 0500;
    ORGANIZATIONNAME = LibreOffice;
   };
   buildConfigurationList = X0001657;
   compatibilityVersion = "Xcode 3.2";
   hasScannedForEncodings = 0;
   isa = PBXProject;
   knownRegions = ;
   mainGroup = X000164e;
   productRefGroup = X0001651;
   projectDirPath = ;
   projectRoot = ;
   targets = X0001653;
  };
  X000164e = {
   children = ;
   isa = PBXGroup;
   sourceTree = "<group>";
  };
  X000164f = {
   children = {
   };
   isa = PBXGroup;
   path = ;
   sourceTree = "<group>";
  };
  X0001652 = {
   children = ;
   isa = PBXGroup;
   name = Products;
   sourceTree = "<group>";
  };
  X0001653 = {
   buildConfigurationList = X0001658;
   buildPhases = ;
   buildRules = ;
   dependencies = ;
   isa = PBXNativeTarget;
   name = ;
   productName = ;
   productReference = X0001650;
   productType = ;
  };
  X0001654 = {
   isa = PBXFileReference;
   lastKnownFileType = "sourcecode.cpp.cpp";
   path = "sc/qa/extras/sceditfieldobj-header.cxx";
  };
  X0001655 = {
   fileRef = X0001654;
   isa = PBXBuildFile;
  };
  X0001656 = {
   buildActionMask = 2147483647;
   files = ;
   isa = PBXSourcesBuildPhase;
   runOnlyForDeploymentPostprocessing = 0;
  };
 };
 rootObject = X000164d;
}