// !$*UTF8*$!
{
 archiveVersion = 1;
 classes = {
 };
 objectVersion = 46;
 objects = {
  X0003c75 = {
   attributes = {
    LastUpgradeCheck = 0500;
    ORGANIZATIONNAME = LibreOffice;
   };
   buildConfigurationList = X0003c7f;
   compatibilityVersion = "Xcode 3.2";
   hasScannedForEncodings = 0;
   isa = PBXProject;
   knownRegions = ;
   mainGroup = X0003c76;
   productRefGroup = X0003c79;
   projectDirPath = ;
   projectRoot = ;
   targets = X0003c7b;
  };
  X0003c76 = {
   children = ;
   isa = PBXGroup;
   sourceTree = "<group>";
  };
  X0003c77 = {
   children = {
   };
   isa = PBXGroup;
   path = ;
   sourceTree = "<group>";
  };
  X0003c7a = {
   children = ;
   isa = PBXGroup;
   name = Products;
   sourceTree = "<group>";
  };
  X0003c7b = {
   buildConfigurationList = X0003c80;
   buildPhases = ;
   buildRules = ;
   dependencies = ;
   isa = PBXNativeTarget;
   name = ;
   productName = ;
   productReference = X0003c78;
   productType = ;
  };
  X0003c7c = {
   isa = PBXFileReference;
   lastKnownFileType = "sourcecode.cpp.cpp";
   path = "svtools/qa/unit/GraphicObjectTest.cxx";
  };
  X0003c7d = {
   fileRef = X0003c7c;
   isa = PBXBuildFile;
  };
  X0003c7e = {
   buildActionMask = 2147483647;
   files = ;
   isa = PBXSourcesBuildPhase;
   runOnlyForDeploymentPostprocessing = 0;
  };
 };
 rootObject = X0003c75;
}