// !$*UTF8*$!
{
 archiveVersion = 1;
 classes = {
 };
 objectVersion = 46;
 objects = {
  X00049ab = {
   attributes = {
    LastUpgradeCheck = 0500;
    ORGANIZATIONNAME = LibreOffice;
   };
   buildConfigurationList = X00049b5;
   compatibilityVersion = "Xcode 3.2";
   hasScannedForEncodings = 0;
   isa = PBXProject;
   knownRegions = ;
   mainGroup = X00049ac;
   productRefGroup = X00049af;
   projectDirPath = ;
   projectRoot = ;
   targets = X00049b1;
  };
  X00049ac = {
   children = ;
   isa = PBXGroup;
   sourceTree = "<group>";
  };
  X00049ad = {
   children = {
   };
   isa = PBXGroup;
   path = ;
   sourceTree = "<group>";
  };
  X00049b0 = {
   children = ;
   isa = PBXGroup;
   name = Products;
   sourceTree = "<group>";
  };
  X00049b1 = {
   buildConfigurationList = X00049b6;
   buildPhases = ;
   buildRules = ;
   dependencies = ;
   isa = PBXNativeTarget;
   name = ;
   productName = ;
   productReference = X00049ae;
   productType = "com.apple.product-type.something";
  };
  X00049b2 = {
   isa = PBXFileReference;
   lastKnownFileType = "sourcecode.cpp.cpp";
   path = "tools/source/reversemap/bestreversemap.cxx";
  };
  X00049b3 = {
   fileRef = X00049b2;
   isa = PBXBuildFile;
  };
  X00049b4 = {
   buildActionMask = 2147483647;
   files = ;
   isa = PBXSourcesBuildPhase;
   runOnlyForDeploymentPostprocessing = 0;
  };
 };
 rootObject = X00049ab;
}