// !$*UTF8*$!
{
 archiveVersion = 1;
 classes = {
 };
 objectVersion = 46;
 objects = {
  X0003c8d = {
   attributes = {
    LastUpgradeCheck = 0500;
    ORGANIZATIONNAME = LibreOffice;
   };
   buildConfigurationList = X0003c97;
   compatibilityVersion = "Xcode 3.2";
   hasScannedForEncodings = 0;
   isa = PBXProject;
   knownRegions = ;
   mainGroup = X0003c8e;
   productRefGroup = X0003c91;
   projectDirPath = ;
   projectRoot = ;
   targets = X0003c93;
  };
  X0003c8e = {
   children = ;
   isa = PBXGroup;
   sourceTree = "<group>";
  };
  X0003c8f = {
   children = {
   };
   isa = PBXGroup;
   path = ;
   sourceTree = "<group>";
  };
  X0003c92 = {
   children = ;
   isa = PBXGroup;
   name = Products;
   sourceTree = "<group>";
  };
  X0003c93 = {
   buildConfigurationList = X0003c98;
   buildPhases = ;
   buildRules = ;
   dependencies = ;
   isa = PBXNativeTarget;
   name = ;
   productName = ;
   productReference = X0003c90;
   productType = "com.apple.product-type.library.dynamic";
  };
  X0003c94 = {
   isa = PBXFileReference;
   lastKnownFileType = "sourcecode.cpp.cpp";
   path = "testtools/source/bridgetest/constructors.cxx";
  };
  X0003c95 = {
   fileRef = X0003c94;
   isa = PBXBuildFile;
  };
  X0003c96 = {
   buildActionMask = 2147483647;
   files = ;
   isa = PBXSourcesBuildPhase;
   runOnlyForDeploymentPostprocessing = 0;
  };
 };
 rootObject = X0003c8d;
}