// !$*UTF8*$!
{
 archiveVersion = 1;
 classes = {
 };
 objectVersion = 46;
 objects = {
  X0000f69 = {
   attributes = {
    LastUpgradeCheck = 0500;
    ORGANIZATIONNAME = LibreOffice;
   };
   buildConfigurationList = X0000f73;
   compatibilityVersion = "Xcode 3.2";
   hasScannedForEncodings = 0;
   isa = PBXProject;
   knownRegions = ;
   mainGroup = X0000f6a;
   productRefGroup = X0000f6d;
   projectDirPath = ;
   projectRoot = ;
   targets = X0000f6f;
  };
  X0000f6a = {
   children = ;
   isa = PBXGroup;
   sourceTree = "<group>";
  };
  X0000f6b = {
   children = {
   };
   isa = PBXGroup;
   path = ;
   sourceTree = "<group>";
  };
  X0000f6e = {
   children = ;
   isa = PBXGroup;
   name = Products;
   sourceTree = "<group>";
  };
  X0000f6f = {
   buildConfigurationList = X0000f74;
   buildPhases = ;
   buildRules = ;
   dependencies = ;
   isa = PBXNativeTarget;
   name = ;
   productName = ;
   productReference = X0000f6c;
   productType = ;
  };
  X0000f70 = {
   isa = PBXFileReference;
   lastKnownFileType = "sourcecode.cpp.cpp";
   path = "sc/qa/extras/scannotationshapeobj.cxx";
  };
  X0000f71 = {
   fileRef = X0000f70;
   isa = PBXBuildFile;
  };
  X0000f72 = {
   buildActionMask = 2147483647;
   files = ;
   isa = PBXSourcesBuildPhase;
   runOnlyForDeploymentPostprocessing = 0;
  };
 };
 rootObject = X0000f69;
}