// !$*UTF8*$!
{
 archiveVersion = 1;
 classes = {
 };
 objectVersion = 46;
 objects = {
  X00019c3 = {
   attributes = {
    LastUpgradeCheck = 0500;
    ORGANIZATIONNAME = LibreOffice;
   };
   buildConfigurationList = X00019cd;
   compatibilityVersion = "Xcode 3.2";
   hasScannedForEncodings = 0;
   isa = PBXProject;
   knownRegions = ;
   mainGroup = X00019c4;
   productRefGroup = X00019c7;
   projectDirPath = ;
   projectRoot = ;
   targets = X00019c9;
  };
  X00019c4 = {
   children = ;
   isa = PBXGroup;
   sourceTree = "<group>";
  };
  X00019c5 = {
   children = {
   };
   isa = PBXGroup;
   path = ;
   sourceTree = "<group>";
  };
  X00019c8 = {
   children = ;
   isa = PBXGroup;
   name = Products;
   sourceTree = "<group>";
  };
  X00019c9 = {
   buildConfigurationList = X00019ce;
   buildPhases = ;
   buildRules = ;
   dependencies = ;
   isa = PBXNativeTarget;
   name = ;
   productName = ;
   productReference = X00019c6;
   productType = ;
  };
  X00019ca = {
   isa = PBXFileReference;
   lastKnownFileType = "sourcecode.cpp.cpp";
   path = "sd/qa/unit/import-tests-smartart.cxx";
  };
  X00019cb = {
   fileRef = X00019ca;
   isa = PBXBuildFile;
  };
  X00019cc = {
   buildActionMask = 2147483647;
   files = ;
   isa = PBXSourcesBuildPhase;
   runOnlyForDeploymentPostprocessing = 0;
  };
 };
 rootObject = X00019c3;
}