// !$*UTF8*$!
{
 archiveVersion = 1;
 classes = {
 };
 objectVersion = 46;
 objects = {
  X0004dbd = {
   attributes = {
    LastUpgradeCheck = 0500;
    ORGANIZATIONNAME = LibreOffice;
   };
   buildConfigurationList = X0004dc7;
   compatibilityVersion = "Xcode 3.2";
   hasScannedForEncodings = 0;
   isa = PBXProject;
   knownRegions = ;
   mainGroup = X0004dbe;
   productRefGroup = X0004dc1;
   projectDirPath = ;
   projectRoot = ;
   targets = X0004dc3;
  };
  X0004dbe = {
   children = ;
   isa = PBXGroup;
   sourceTree = "<group>";
  };
  X0004dbf = {
   children = {
   };
   isa = PBXGroup;
   path = ;
   sourceTree = "<group>";
  };
  X0004dc2 = {
   children = ;
   isa = PBXGroup;
   name = Products;
   sourceTree = "<group>";
  };
  X0004dc3 = {
   buildConfigurationList = X0004dc8;
   buildPhases = ;
   buildRules = ;
   dependencies = ;
   isa = PBXNativeTarget;
   name = ;
   productName = ;
   productReference = X0004dc0;
   productType = ;
  };
  X0004dc4 = {
   isa = PBXFileReference;
   lastKnownFileType = "sourcecode.cpp.cpp";
   path = "reportdesign/qa/unit/reportdesign-dialogs-test.cxx";
  };
  X0004dc5 = {
   fileRef = X0004dc4;
   isa = PBXBuildFile;
  };
  X0004dc6 = {
   buildActionMask = 2147483647;
   files = ;
   isa = PBXSourcesBuildPhase;
   runOnlyForDeploymentPostprocessing = 0;
  };
 };
 rootObject = X0004dbd;
}