// !$*UTF8*$!
{
 archiveVersion = 1;
 classes = {
 };
 objectVersion = 46;
 objects = {
  X0001641 = {
   attributes = {
    LastUpgradeCheck = 0500;
    ORGANIZATIONNAME = LibreOffice;
   };
   buildConfigurationList = X000164b;
   compatibilityVersion = "Xcode 3.2";
   hasScannedForEncodings = 0;
   isa = PBXProject;
   knownRegions = ;
   mainGroup = X0001642;
   productRefGroup = X0001645;
   projectDirPath = ;
   projectRoot = ;
   targets = X0001647;
  };
  X0001642 = {
   children = ;
   isa = PBXGroup;
   sourceTree = "<group>";
  };
  X0001643 = {
   children = {
   };
   isa = PBXGroup;
   path = ;
   sourceTree = "<group>";
  };
  X0001646 = {
   children = ;
   isa = PBXGroup;
   name = Products;
   sourceTree = "<group>";
  };
  X0001647 = {
   buildConfigurationList = X000164c;
   buildPhases = ;
   buildRules = ;
   dependencies = ;
   isa = PBXNativeTarget;
   name = ;
   productName = ;
   productReference = X0001644;
   productType = ;
  };
  X0001648 = {
   isa = PBXFileReference;
   lastKnownFileType = "sourcecode.cpp.cpp";
   path = "sc/qa/extras/scnamedrangeobj.cxx";
  };
  X0001649 = {
   fileRef = X0001648;
   isa = PBXBuildFile;
  };
  X000164a = {
   buildActionMask = 2147483647;
   files = ;
   isa = PBXSourcesBuildPhase;
   runOnlyForDeploymentPostprocessing = 0;
  };
 };
 rootObject = X0001641;
}