// !$*UTF8*$!
{
 archiveVersion = 1;
 classes = {
 };
 objectVersion = 46;
 objects = {
  X0004aaf = {
   attributes = {
    LastUpgradeCheck = 0500;
    ORGANIZATIONNAME = LibreOffice;
   };
   buildConfigurationList = X0004ab9;
   compatibilityVersion = "Xcode 3.2";
   hasScannedForEncodings = 0;
   isa = PBXProject;
   knownRegions = ;
   mainGroup = X0004ab0;
   productRefGroup = X0004ab3;
   projectDirPath = ;
   projectRoot = ;
   targets = X0004ab5;
  };
  X0004ab0 = {
   children = ;
   isa = PBXGroup;
   sourceTree = "<group>";
  };
  X0004ab1 = {
   children = {
   };
   isa = PBXGroup;
   path = ;
   sourceTree = "<group>";
  };
  X0004ab4 = {
   children = ;
   isa = PBXGroup;
   name = Products;
   sourceTree = "<group>";
  };
  X0004ab5 = {
   buildConfigurationList = X0004aba;
   buildPhases = ;
   buildRules = ;
   dependencies = ;
   isa = PBXNativeTarget;
   name = ;
   productName = ;
   productReference = X0004ab2;
   productType = ;
  };
  X0004ab6 = {
   isa = PBXFileReference;
   lastKnownFileType = "sourcecode.cpp.cpp";
   path = "xmlsecurity/qa/unit/pdfsigning/pdfsigning.cxx";
  };
  X0004ab7 = {
   fileRef = X0004ab6;
   isa = PBXBuildFile;
  };
  X0004ab8 = {
   buildActionMask = 2147483647;
   files = ;
   isa = PBXSourcesBuildPhase;
   runOnlyForDeploymentPostprocessing = 0;
  };
 };
 rootObject = X0004aaf;
}