// !$*UTF8*$!
{
 archiveVersion = 1;
 classes = {
 };
 objectVersion = 46;
 objects = {
  X0003297 = {
   attributes = {
    LastUpgradeCheck = 0500;
    ORGANIZATIONNAME = LibreOffice;
   };
   buildConfigurationList = X00032a1;
   compatibilityVersion = "Xcode 3.2";
   hasScannedForEncodings = 0;
   isa = PBXProject;
   knownRegions = ;
   mainGroup = X0003298;
   productRefGroup = X000329b;
   projectDirPath = ;
   projectRoot = ;
   targets = X000329d;
  };
  X0003298 = {
   children = ;
   isa = PBXGroup;
   sourceTree = "<group>";
  };
  X0003299 = {
   children = {
   };
   isa = PBXGroup;
   path = ;
   sourceTree = "<group>";
  };
  X000329c = {
   children = ;
   isa = PBXGroup;
   name = Products;
   sourceTree = "<group>";
  };
  X000329d = {
   buildConfigurationList = X00032a2;
   buildPhases = ;
   buildRules = ;
   dependencies = ;
   isa = PBXNativeTarget;
   name = ;
   productName = ;
   productReference = X000329a;
   productType = "com.apple.product-type.something";
  };
  X000329e = {
   isa = PBXFileReference;
   lastKnownFileType = "sourcecode.cpp.cpp";
   path = "svx/workben/pixelctl.cxx";
  };
  X000329f = {
   fileRef = X000329e;
   isa = PBXBuildFile;
  };
  X00032a0 = {
   buildActionMask = 2147483647;
   files = ;
   isa = PBXSourcesBuildPhase;
   runOnlyForDeploymentPostprocessing = 0;
  };
 };
 rootObject = X0003297;
}