// !$*UTF8*$!
{
 archiveVersion = 1;
 classes = {
 };
 objectVersion = 46;
 objects = {
  X00029f1 = {
   attributes = {
    LastUpgradeCheck = 0500;
    ORGANIZATIONNAME = LibreOffice;
   };
   buildConfigurationList = X00029fb;
   compatibilityVersion = "Xcode 3.2";
   hasScannedForEncodings = 0;
   isa = PBXProject;
   knownRegions = ;
   mainGroup = X00029f2;
   productRefGroup = X00029f5;
   projectDirPath = ;
   projectRoot = ;
   targets = X00029f7;
  };
  X00029f2 = {
   children = ;
   isa = PBXGroup;
   sourceTree = "<group>";
  };
  X00029f3 = {
   children = {
   };
   isa = PBXGroup;
   path = ;
   sourceTree = "<group>";
  };
  X00029f6 = {
   children = ;
   isa = PBXGroup;
   name = Products;
   sourceTree = "<group>";
  };
  X00029f7 = {
   buildConfigurationList = X00029fc;
   buildPhases = ;
   buildRules = ;
   dependencies = ;
   isa = PBXNativeTarget;
   name = ;
   productName = ;
   productReference = X00029f4;
   productType = ;
  };
  X00029f8 = {
   isa = PBXFileReference;
   lastKnownFileType = "sourcecode.cpp.cpp";
   path = "filter/qa/cppunit/msfilter-test.cxx";
  };
  X00029f9 = {
   fileRef = X00029f8;
   isa = PBXBuildFile;
  };
  X00029fa = {
   buildActionMask = 2147483647;
   files = ;
   isa = PBXSourcesBuildPhase;
   runOnlyForDeploymentPostprocessing = 0;
  };
 };
 rootObject = X00029f1;
}