// !$*UTF8*$!
{
 archiveVersion = 1;
 classes = {
 };
 objectVersion = 46;
 objects = {
  X0000f21 = {
   attributes = {
    LastUpgradeCheck = 0500;
    ORGANIZATIONNAME = LibreOffice;
   };
   buildConfigurationList = X0000f2b;
   compatibilityVersion = "Xcode 3.2";
   hasScannedForEncodings = 0;
   isa = PBXProject;
   knownRegions = ;
   mainGroup = X0000f22;
   productRefGroup = X0000f25;
   projectDirPath = ;
   projectRoot = ;
   targets = X0000f27;
  };
  X0000f22 = {
   children = ;
   isa = PBXGroup;
   sourceTree = "<group>";
  };
  X0000f23 = {
   children = {
   };
   isa = PBXGroup;
   path = ;
   sourceTree = "<group>";
  };
  X0000f26 = {
   children = ;
   isa = PBXGroup;
   name = Products;
   sourceTree = "<group>";
  };
  X0000f27 = {
   buildConfigurationList = X0000f2c;
   buildPhases = ;
   buildRules = ;
   dependencies = ;
   isa = PBXNativeTarget;
   name = ;
   productName = ;
   productReference = X0000f24;
   productType = ;
  };
  X0000f28 = {
   isa = PBXFileReference;
   lastKnownFileType = "sourcecode.cpp.cpp";
   path = "sc/qa/unit/functions_test_old.cxx";
  };
  X0000f29 = {
   fileRef = X0000f28;
   isa = PBXBuildFile;
  };
  X0000f2a = {
   buildActionMask = 2147483647;
   files = ;
   isa = PBXSourcesBuildPhase;
   runOnlyForDeploymentPostprocessing = 0;
  };
 };
 rootObject = X0000f21;
}