// !$*UTF8*$!
{
 archiveVersion = 1;
 classes = {
 };
 objectVersion = 46;
 objects = {
  X00028a3 = {
   attributes = {
    LastUpgradeCheck = 0500;
    ORGANIZATIONNAME = LibreOffice;
   };
   buildConfigurationList = X00028ad;
   compatibilityVersion = "Xcode 3.2";
   hasScannedForEncodings = 0;
   isa = PBXProject;
   knownRegions = ;
   mainGroup = X00028a4;
   productRefGroup = X00028a7;
   projectDirPath = ;
   projectRoot = ;
   targets = X00028a9;
  };
  X00028a4 = {
   children = ;
   isa = PBXGroup;
   sourceTree = "<group>";
  };
  X00028a5 = {
   children = {
   };
   isa = PBXGroup;
   path = ;
   sourceTree = "<group>";
  };
  X00028a8 = {
   children = ;
   isa = PBXGroup;
   name = Products;
   sourceTree = "<group>";
  };
  X00028a9 = {
   buildConfigurationList = X00028ae;
   buildPhases = ;
   buildRules = ;
   dependencies = ;
   isa = PBXNativeTarget;
   name = ;
   productName = ;
   productReference = X00028a6;
   productType = ;
  };
  X00028aa = {
   isa = PBXFileReference;
   lastKnownFileType = "sourcecode.cpp.cpp";
   path = "cppu/qa/cppumaker/test_cppumaker.cxx";
  };
  X00028ab = {
   fileRef = X00028aa;
   isa = PBXBuildFile;
  };
  X00028ac = {
   buildActionMask = 2147483647;
   files = ;
   isa = PBXSourcesBuildPhase;
   runOnlyForDeploymentPostprocessing = 0;
  };
 };
 rootObject = X00028a3;
}