// !$*UTF8*$!
{
 archiveVersion = 1;
 classes = {
 };
 objectVersion = 46;
 objects = {
  X0000f75 = {
   attributes = {
    LastUpgradeCheck = 0500;
    ORGANIZATIONNAME = LibreOffice;
   };
   buildConfigurationList = X0000f7f;
   compatibilityVersion = "Xcode 3.2";
   hasScannedForEncodings = 0;
   isa = PBXProject;
   knownRegions = ;
   mainGroup = X0000f76;
   productRefGroup = X0000f79;
   projectDirPath = ;
   projectRoot = ;
   targets = X0000f7b;
  };
  X0000f76 = {
   children = ;
   isa = PBXGroup;
   sourceTree = "<group>";
  };
  X0000f77 = {
   children = {
   };
   isa = PBXGroup;
   path = ;
   sourceTree = "<group>";
  };
  X0000f7a = {
   children = ;
   isa = PBXGroup;
   name = Products;
   sourceTree = "<group>";
  };
  X0000f7b = {
   buildConfigurationList = X0000f80;
   buildPhases = ;
   buildRules = ;
   dependencies = ;
   isa = PBXNativeTarget;
   name = ;
   productName = ;
   productReference = X0000f78;
   productType = ;
  };
  X0000f7c = {
   isa = PBXFileReference;
   lastKnownFileType = "sourcecode.cpp.cpp";
   path = "sc/qa/unit/functions_addin.cxx";
  };
  X0000f7d = {
   fileRef = X0000f7c;
   isa = PBXBuildFile;
  };
  X0000f7e = {
   buildActionMask = 2147483647;
   files = ;
   isa = PBXSourcesBuildPhase;
   runOnlyForDeploymentPostprocessing = 0;
  };
 };
 rootObject = X0000f75;
}