// !$*UTF8*$!
{
 archiveVersion = 1;
 classes = {
 };
 objectVersion = 46;
 objects = {
  X0001749 = {
   attributes = {
    LastUpgradeCheck = 0500;
    ORGANIZATIONNAME = LibreOffice;
   };
   buildConfigurationList = X0001755;
   compatibilityVersion = "Xcode 3.2";
   hasScannedForEncodings = 0;
   isa = PBXProject;
   knownRegions = ;
   mainGroup = X000174a;
   productRefGroup = X000174d;
   projectDirPath = ;
   projectRoot = ;
   targets = X000174f;
  };
  X000174a = {
   children = ;
   isa = PBXGroup;
   sourceTree = "<group>";
  };
  X000174b = {
   children = {
   };
   isa = PBXGroup;
   path = ;
   sourceTree = "<group>";
  };
  X000174e = {
   children = ;
   isa = PBXGroup;
   name = Products;
   sourceTree = "<group>";
  };
  X000174f = {
   buildConfigurationList = X0001756;
   buildPhases = ;
   buildRules = ;
   dependencies = ;
   isa = PBXNativeTarget;
   name = ;
   productName = ;
   productReference = X000174c;
   productType = "com.apple.product-type.library.dynamic";
  };
  X0001750 = {
   isa = PBXFileReference;
   lastKnownFileType = "sourcecode.cpp.cpp";
   path = "sc/source/ui/unoobj/scdetect.cxx";
  };
  X0001751 = {
   fileRef = X0001750;
   isa = PBXBuildFile;
  };
  X0001752 = {
   isa = PBXFileReference;
   lastKnownFileType = "sourcecode.cpp.cpp";
   path = "sc/source/ui/unoobj/exceldetect.cxx";
  };
  X0001753 = {
   fileRef = X0001752;
   isa = PBXBuildFile;
  };
  X0001754 = {
   buildActionMask = 2147483647;
   files = ;
   isa = PBXSourcesBuildPhase;
   runOnlyForDeploymentPostprocessing = 0;
  };
 };
 rootObject = X0001749;
}