// !$*UTF8*$!
{
 archiveVersion = 1;
 classes = {
 };
 objectVersion = 46;
 objects = {
  X00000ff = {
   attributes = {
    LastUpgradeCheck = 0500;
    ORGANIZATIONNAME = LibreOffice;
   };
   buildConfigurationList = X0000109;
   compatibilityVersion = "Xcode 3.2";
   hasScannedForEncodings = 0;
   isa = PBXProject;
   knownRegions = ;
   mainGroup = X0000100;
   productRefGroup = X0000103;
   projectDirPath = ;
   projectRoot = ;
   targets = X0000105;
  };
  X0000100 = {
   children = ;
   isa = PBXGroup;
   sourceTree = "<group>";
  };
  X0000101 = {
   children = {
   };
   isa = PBXGroup;
   path = ;
   sourceTree = "<group>";
  };
  X0000104 = {
   children = ;
   isa = PBXGroup;
   name = Products;
   sourceTree = "<group>";
  };
  X0000105 = {
   buildConfigurationList = X000010a;
   buildPhases = ;
   buildRules = ;
   dependencies = ;
   isa = PBXNativeTarget;
   name = ;
   productName = ;
   productReference = X0000102;
   productType = ;
  };
  X0000106 = {
   isa = PBXFileReference;
   lastKnownFileType = "sourcecode.cpp.cpp";
   path = "sw/qa/extras/ooxmlexport/ooxmlexport6.cxx";
  };
  X0000107 = {
   fileRef = X0000106;
   isa = PBXBuildFile;
  };
  X0000108 = {
   buildActionMask = 2147483647;
   files = ;
   isa = PBXSourcesBuildPhase;
   runOnlyForDeploymentPostprocessing = 0;
  };
 };
 rootObject = X00000ff;
}