// !$*UTF8*$!
{
 archiveVersion = 1;
 classes = {
 };
 objectVersion = 46;
 objects = {
  X00020fb = {
   attributes = {
    LastUpgradeCheck = 0500;
    ORGANIZATIONNAME = LibreOffice;
   };
   buildConfigurationList = X0002105;
   compatibilityVersion = "Xcode 3.2";
   hasScannedForEncodings = 0;
   isa = PBXProject;
   knownRegions = ;
   mainGroup = X00020fc;
   productRefGroup = X00020ff;
   projectDirPath = ;
   projectRoot = ;
   targets = X0002101;
  };
  X00020fc = {
   children = ;
   isa = PBXGroup;
   sourceTree = "<group>";
  };
  X00020fd = {
   children = {
   };
   isa = PBXGroup;
   path = ;
   sourceTree = "<group>";
  };
  X0002100 = {
   children = ;
   isa = PBXGroup;
   name = Products;
   sourceTree = "<group>";
  };
  X0002101 = {
   buildConfigurationList = X0002106;
   buildPhases = ;
   buildRules = ;
   dependencies = ;
   isa = PBXNativeTarget;
   name = ;
   productName = ;
   productReference = X00020fe;
   productType = ;
  };
  X0002102 = {
   isa = PBXFileReference;
   lastKnownFileType = "sourcecode.cpp.cpp";
   path = "oox/qa/token/tokenmap-test.cxx";
  };
  X0002103 = {
   fileRef = X0002102;
   isa = PBXBuildFile;
  };
  X0002104 = {
   buildActionMask = 2147483647;
   files = ;
   isa = PBXSourcesBuildPhase;
   runOnlyForDeploymentPostprocessing = 0;
  };
 };
 rootObject = X00020fb;
}