// !$*UTF8*$!
{
 archiveVersion = 1;
 classes = {
 };
 objectVersion = 46;
 objects = {
  X0002a89 = {
   attributes = {
    LastUpgradeCheck = 0500;
    ORGANIZATIONNAME = LibreOffice;
   };
   buildConfigurationList = X0002a93;
   compatibilityVersion = "Xcode 3.2";
   hasScannedForEncodings = 0;
   isa = PBXProject;
   knownRegions = ;
   mainGroup = X0002a8a;
   productRefGroup = X0002a8d;
   projectDirPath = ;
   projectRoot = ;
   targets = X0002a8f;
  };
  X0002a8a = {
   children = ;
   isa = PBXGroup;
   sourceTree = "<group>";
  };
  X0002a8b = {
   children = {
   };
   isa = PBXGroup;
   path = ;
   sourceTree = "<group>";
  };
  X0002a8e = {
   children = ;
   isa = PBXGroup;
   name = Products;
   sourceTree = "<group>";
  };
  X0002a8f = {
   buildConfigurationList = X0002a94;
   buildPhases = ;
   buildRules = ;
   dependencies = ;
   isa = PBXNativeTarget;
   name = ;
   productName = ;
   productReference = X0002a8c;
   productType = ;
  };
  X0002a90 = {
   isa = PBXFileReference;
   lastKnownFileType = "sourcecode.cpp.cpp";
   path = "sal/qa/osl/security/osl_Security.cxx";
  };
  X0002a91 = {
   fileRef = X0002a90;
   isa = PBXBuildFile;
  };
  X0002a92 = {
   buildActionMask = 2147483647;
   files = ;
   isa = PBXSourcesBuildPhase;
   runOnlyForDeploymentPostprocessing = 0;
  };
 };
 rootObject = X0002a89;
}