// !$*UTF8*$!
{
 archiveVersion = 1;
 classes = {
 };
 objectVersion = 46;
 objects = {
  X000203d = {
   attributes = {
    LastUpgradeCheck = 0500;
    ORGANIZATIONNAME = LibreOffice;
   };
   buildConfigurationList = X0002047;
   compatibilityVersion = "Xcode 3.2";
   hasScannedForEncodings = 0;
   isa = PBXProject;
   knownRegions = ;
   mainGroup = X000203e;
   productRefGroup = X0002041;
   projectDirPath = ;
   projectRoot = ;
   targets = X0002043;
  };
  X000203e = {
   children = ;
   isa = PBXGroup;
   sourceTree = "<group>";
  };
  X000203f = {
   children = {
   };
   isa = PBXGroup;
   path = ;
   sourceTree = "<group>";
  };
  X0002042 = {
   children = ;
   isa = PBXGroup;
   name = Products;
   sourceTree = "<group>";
  };
  X0002043 = {
   buildConfigurationList = X0002048;
   buildPhases = ;
   buildRules = ;
   dependencies = ;
   isa = PBXNativeTarget;
   name = ;
   productName = ;
   productReference = X0002040;
   productType = ;
  };
  X0002044 = {
   isa = PBXFileReference;
   lastKnownFileType = "sourcecode.cpp.cpp";
   path = "dbaccess/qa/extras/hsql_schema_import.cxx";
  };
  X0002045 = {
   fileRef = X0002044;
   isa = PBXBuildFile;
  };
  X0002046 = {
   buildActionMask = 2147483647;
   files = ;
   isa = PBXSourcesBuildPhase;
   runOnlyForDeploymentPostprocessing = 0;
  };
 };
 rootObject = X000203d;
}